<?xml version="1.0" encoding="utf-8"?>
<Project ToolsVersion="4.0" xmlns="http://schemas.microsoft.com/developer/msbuild/2003">
  <ItemGroup>
    <Filter Include="Файлы исходного кода">
      <UniqueIdentifier>{4FC737F1-C7A5-4376-A066-2A32D752A2FF}</UniqueIdentifier>
      <Extensions>cpp;c;cc;cxx;def;odl;idl;hpj;bat;asm;asmx</Extensions>
    </Filter>
    <Filter Include="Заголовочные файлы">
      <UniqueIdentifier>{93995380-89BD-4b04-88EB-625FBE52EBFB}</UniqueIdentifier>
      <Extensions>h;hh;hpp;hxx;hm;inl;inc;xsd</Extensions>
    </Filter>
    <Filter Include="Файлы ресурсов">
      <UniqueIdentifier>{67DA6AB6-F800-4c08-8B7A-83BB121AAD01}</UniqueIdentifier>
      <Extensions>rc;ico;cur;bmp;dlg;rc2;rct;bin;rgs;gif;jpg;jpeg;jpe;resx;tiff;tif;png;wav;mfcribbon-ms</Extensions>
    </Filter>
  </ItemGroup>
  <ItemGroup>
    <ClCompile Include="global.cpp">
      <Filter>Файлы исходного кода</Filter>
    </ClCompile>
    <ClCompile Include="Game.cpp">
      <Filter>Файлы исходного кода</Filter>
    </ClCompile>
    <ClCompile Include="Objects\BaseObject.cpp">
      <Filter>Файлы исходного кода</Filter>
    </ClCompile>
    <ClCompile Include="Renderer.cpp">
      <Filter>Файлы исходного кода</Filter>
    </ClCompile>
    <ClCompile Include="Objects\Rock.cpp">
      <Filter>Файлы исходного кода</Filter>
    </ClCompile>
    <ClCompile Include="InputHandler.cpp">
      <Filter>Файлы исходного кода</Filter>
    </ClCompile>
    <ClCompile Include="Objects\Maps\BaseMap.cpp">
      <Filter>Файлы исходного кода</Filter>
    </ClCompile>
    <ClCompile Include="Managers\MapManager.cpp">
      <Filter>Файлы исходного кода</Filter>
    </ClCompile>
    <ClCompile Include="Managers\ShipManager.cpp">
      <Filter>Файлы исходного кода</Filter>
    </ClCompile>
    <ClCompile Include="Managers\CollisionManager.cpp">
      <Filter>Файлы исходного кода</Filter>
    </ClCompile>
    <ClCompile Include="Objects\Ships\PlayerShip.cpp">
      <Filter>Файлы исходного кода</Filter>
    </ClCompile>
    <ClCompile Include="Objects\Bullets\Laser.cpp">
      <Filter>Файлы исходного кода</Filter>
    </ClCompile>
    <ClCompile Include="Weapons\LaserLauncher.cpp">
      <Filter>Файлы исходного кода</Filter>
    </ClCompile>
    <ClCompile Include="Objects\Ships\BaseShip.cpp">
      <Filter>Файлы исходного кода</Filter>
    </ClCompile>
    <ClCompile Include="Weapons\BaseWeapon.cpp">
      <Filter>Файлы исходного кода</Filter>
    </ClCompile>
    <ClCompile Include="Structs\Vector.cpp">
      <Filter>Файлы исходного кода</Filter>
    </ClCompile>
    <ClCompile Include="Structs\Rectangular.cpp">
      <Filter>Файлы исходного кода</Filter>
    </ClCompile>
    <ClCompile Include="Structs\CollisionMapElement.cpp">
      <Filter>Файлы исходного кода</Filter>
    </ClCompile>
    <ClCompile Include="Structs\CollisionMap.cpp">
      <Filter>Файлы исходного кода</Filter>
    </ClCompile>
    <ClCompile Include="Interfaces\Updateable.cpp">
      <Filter>Файлы исходного кода</Filter>
    </ClCompile>
    <ClCompile Include="PlayerProfiler.cpp">
      <Filter>Файлы исходного кода</Filter>
    </ClCompile>
    <ClCompile Include="Objects\Ships\EnemyShip.cpp">
      <Filter>Файлы исходного кода</Filter>
    </ClCompile>
  </ItemGroup>
  <ItemGroup>
    <ClInclude Include="Game.h">
      <Filter>Заголовочные файлы</Filter>
    </ClInclude>
    <ClInclude Include="Enums\GameState.h">
      <Filter>Заголовочные файлы</Filter>
    </ClInclude>
    <ClInclude Include="Objects\BaseObject.h">
      <Filter>Заголовочные файлы</Filter>
    </ClInclude>
    <ClInclude Include="Structs\Vector.h">
      <Filter>Заголовочные файлы</Filter>
    </ClInclude>
    <ClInclude Include="Renderer.h">
      <Filter>Заголовочные файлы</Filter>
    </ClInclude>
    <ClInclude Include="Objects\Rock.h">
      <Filter>Заголовочные файлы</Filter>
    </ClInclude>
    <ClInclude Include="Structs\Rectangular.h">
      <Filter>Заголовочные файлы</Filter>
    </ClInclude>
    <ClInclude Include="Structs\Signal.h">
      <Filter>Заголовочные файлы</Filter>
    </ClInclude>
    <ClInclude Include="InputHandler.h">
      <Filter>Заголовочные файлы</Filter>
    </ClInclude>
    <ClInclude Include="Enums\UserInput.h">
      <Filter>Заголовочные файлы</Filter>
    </ClInclude>
    <ClInclude Include="Interfaces\Singletone.h">
      <Filter>Заголовочные файлы</Filter>
    </ClInclude>
    <ClInclude Include="Objects\Maps\BaseMap.h">
      <Filter>Заголовочные файлы</Filter>
    </ClInclude>
    <ClInclude Include="Managers\MapManager.h">
      <Filter>Заголовочные файлы</Filter>
    </ClInclude>
    <ClInclude Include="Managers\ShipManager.h">
      <Filter>Заголовочные файлы</Filter>
    </ClInclude>
    <ClInclude Include="Managers\CollisionManager.h">
      <Filter>Заголовочные файлы</Filter>
    </ClInclude>
    <ClInclude Include="Objects\Ships\PlayerShip.h">
      <Filter>Заголовочные файлы</Filter>
    </ClInclude>
    <ClInclude Include="Weapons\BaseWeapon.h">
      <Filter>Заголовочные файлы</Filter>
    </ClInclude>
    <ClInclude Include="Objects\Bullets\Laser.h">
      <Filter>Заголовочные файлы</Filter>
    </ClInclude>
    <ClInclude Include="Weapons\LaserLauncher.h">
      <Filter>Заголовочные файлы</Filter>
    </ClInclude>
    <ClInclude Include="GameConsts.h">
      <Filter>Заголовочные файлы</Filter>
    </ClInclude>
    <ClInclude Include="Objects\Ships\BaseShip.h">
      <Filter>Заголовочные файлы</Filter>
    </ClInclude>
    <ClInclude Include="Enums\MoveDirection.h">
      <Filter>Заголовочные файлы</Filter>
    </ClInclude>
    <ClInclude Include="Structs\CollisionMapElement.h">
      <Filter>Заголовочные файлы</Filter>
    </ClInclude>
    <ClInclude Include="Structs\CollisionMap.h">
      <Filter>Заголовочные файлы</Filter>
    </ClInclude>
    <ClInclude Include="Interfaces\Updateable.h">
      <Filter>Заголовочные файлы</Filter>
    </ClInclude>
    <ClInclude Include="Enums\UpdateSpeed.h">
      <Filter>Заголовочные файлы</Filter>
    </ClInclude>
    <ClInclude Include="PlayerProfiler.h">
      <Filter>Заголовочные файлы</Filter>
    </ClInclude>
    <ClInclude Include="Objects\Ships\EnemyShip.h">
      <Filter>Заголовочные файлы</Filter>
    </ClInclude>
  </ItemGroup>
</Project>